// !$*UTF8*$!
{
	archiveVersion = 1;
	classes = {
	};
	objectVersion = 50;
	objects = {

/* Begin PBXBuildFile section */
		E73D00052464631C00F54065 /* LYZXSwiftProjectTests.swift in Sources */ = {isa = PBXBuildFile; fileRef = E73D00042464631C00F54065 /* LYZXSwiftProjectTests.swift */; };
		E73D00102464631C00F54065 /* LYZXSwiftProjectUITests.swift in Sources */ = {isa = PBXBuildFile; fileRef = E73D000F2464631C00F54065 /* LYZXSwiftProjectUITests.swift */; };
		E73DFFEE2464631A00F54065 /* AppDelegate.swift in Sources */ = {isa = PBXBuildFile; fileRef = E73DFFED2464631A00F54065 /* AppDelegate.swift */; };
		E73DFFF02464631A00F54065 /* SceneDelegate.swift in Sources */ = {isa = PBXBuildFile; fileRef = E73DFFEF2464631A00F54065 /* SceneDelegate.swift */; };
		E73DFFF22464631A00F54065 /* ViewController.swift in Sources */ = {isa = PBXBuildFile; fileRef = E73DFFF12464631A00F54065 /* ViewController.swift */; };
		E73DFFF52464631A00F54065 /* Main.storyboard in Resources */ = {isa = PBXBuildFile; fileRef = E73DFFF32464631A00F54065 /* Main.storyboard */; };
		E73DFFF72464631B00F54065 /* Assets.xcassets in Resources */ = {isa = PBXBuildFile; fileRef = E73DFFF62464631B00F54065 /* Assets.xcassets */; };
		E73DFFFA2464631B00F54065 /* LaunchScreen.storyboard in Resources */ = {isa = PBXBuildFile; fileRef = E73DFFF82464631B00F54065 /* LaunchScreen.storyboard */; };
/* End PBXBuildFile section */

/* Begin PBXContainerItemProxy section */
		E73D00012464631C00F54065 /* PBXContainerItemProxy */ = {
			isa = PBXContainerItemProxy;
			containerPortal = E73DFFE22464631A00F54065 /* Project object */;
			proxyType = 1;
			remoteGlobalIDString = E73DFFE92464631A00F54065;
			remoteInfo = LYZXSwiftProject;
		};
		E73D000C2464631C00F54065 /* PBXContainerItemProxy */ = {
			isa = PBXContainerItemProxy;
			containerPortal = E73DFFE22464631A00F54065 /* Project object */;
			proxyType = 1;
			remoteGlobalIDString = E73DFFE92464631A00F54065;
			remoteInfo = LYZXSwiftProject;
		};
/* End PBXContainerItemProxy section */

/* Begin PBXFileReference section */
		E73D00002464631C00F54065 /* LYZXSwiftProjectTests.xctest */ = {isa = PBXFileReference; explicitFileType = wrapper.cfbundle; includeInIndex = 0; path = LYZXSwiftProjectTests.xctest; sourceTree = BUILT_PRODUCTS_DIR; };
		E73D00042464631C00F54065 /* LYZXSwiftProjectTests.swift */ = {isa = PBXFileReference; lastKnownFileType = sourcecode.swift; path = LYZXSwiftProjectTests.swift; sourceTree = "<group>"; };
		E73D00062464631C00F54065 /* Info.plist */ = {isa = PBXFileReference; lastKnownFileType = text.plist.xml; path = Info.plist; sourceTree = "<group>"; };
		E73D000B2464631C00F54065 /* LYZXSwiftProjectUITests.xctest */ = {isa = PBXFileReference; explicitFileType = wrapper.cfbundle; includeInIndex = 0; path = LYZXSwiftProjectUITests.xctest; sourceTree = BUILT_PRODUCTS_DIR; };
		E73D000F2464631C00F54065 /* LYZXSwiftProjectUITests.swift */ = {isa = PBXFileReference; lastKnownFileType = sourcecode.swift; path = LYZXSwiftProjectUITests.swift; sourceTree = "<group>"; };
		E73D00112464631C00F54065 /* Info.plist */ = {isa = PBXFileReference; lastKnownFileType = text.plist.xml; path = Info.plist; sourceTree = "<group>"; };
		E73DFFEA2464631A00F54065 /* LYZXSwiftProject.app */ = {isa = PBXFileReference; explicitFileType = wrapper.application; includeInIndex = 0; path = LYZXSwiftProject.app; sourceTree = BUILT_PRODUCTS_DIR; };
		E73DFFED2464631A00F54065 /* AppDelegate.swift */ = {isa = PBXFileReference; lastKnownFileType = sourcecode.swift; path = AppDelegate.swift; sourceTree = "<group>"; };
		E73DFFEF2464631A00F54065 /* SceneDelegate.swift */ = {isa = PBXFileReference; lastKnownFileType = sourcecode.swift; path = SceneDelegate.swift; sourceTree = "<group>"; };
		E73DFFF12464631A00F54065 /* ViewController.swift */ = {isa = PBXFileReference; lastKnownFileType = sourcecode.swift; path = ViewController.swift; sourceTree = "<group>"; };
		E73DFFF42464631A00F54065 /* Base */ = {isa = PBXFileReference; lastKnownFileType = file.storyboard; name = Base; path = Base.lproj/Main.storyboard; sourceTree = "<group>"; };
		E73DFFF62464631B00F54065 /* Assets.xcassets */ = {isa = PBXFileReference; lastKnownFileType = folder.assetcatalog; path = Assets.xcassets; sourceTree = "<group>"; };
		E73DFFF92464631B00F54065 /* Base */ = {isa = PBXFileReference; lastKnownFileType = file.storyboard; name = Base; path = Base.lproj/LaunchScreen.storyboard; sourceTree = "<group>"; };
		E73DFFFB2464631B00F54065 /* Info.plist */ = {isa = PBXFileReference; lastKnownFileType = text.plist.xml; path = Info.plist; sourceTree = "<group>"; };
/* End PBXFileReference section */

/* Begin PBXFrameworksBuildPhase section */
		E73D00082464631C00F54065 /* Frameworks */ = {
			isa = PBXFrameworksBuildPhase;
			buildActionMask = 2147483647;
			files = (
			);
			runOnlyForDeploymentPostprocessing = 0;
		};
		E73DFFE72464631A00F54065 /* Frameworks */ = {
			isa = PBXFrameworksBuildPhase;
			buildActionMask = 2147483647;
			files = (
			);
			runOnlyForDeploymentPostprocessing = 0;
		};
		E73DFFFD2464631C00F54065 /* Frameworks */ = {
			isa = PBXFrameworksBuildPhase;
			buildActionMask = 2147483647;
			files = (
			);
			runOnlyForDeploymentPostprocessing = 0;
		};
/* End PBXFrameworksBuildPhase section */

/* Begin PBXGroup section */
		E73D00032464631C00F54065 /* LYZXSwiftProjectTests */ = {
			isa = PBXGroup;
			children = (
				E73D00042464631C00F54065 /* LYZXSwiftProjectTests.swift */,
				E73D00062464631C00F54065 /* Info.plist */,
			);
			path = LYZXSwiftProjectTests;
			sourceTree = "<group>";
		};
		E73D000E2464631C00F54065 /* LYZXSwiftProjectUITests */ = {
			isa = PBXGroup;
			children = (
				E73D000F2464631C00F54065 /* LYZXSwiftProjectUITests.swift */,
				E73D00112464631C00F54065 /* Info.plist */,
			);
			path = LYZXSwiftProjectUITests;
			sourceTree = "<group>";
		};
		E73DFFE12464631A00F54065 = {
			isa = PBXGroup;
			children = (
				E73DFFEC2464631A00F54065 /* LYZXSwiftProject */,
				E73D00032464631C00F54065 /* LYZXSwiftProjectTests */,
				E73D000E2464631C00F54065 /* LYZXSwiftProjectUITests */,
				E73DFFEB2464631A00F54065 /* Products */,
			);
			sourceTree = "<group>";
		};
		E73DFFEB2464631A00F54065 /* Products */ = {
			isa = PBXGroup;
			children = (
				E73DFFEA2464631A00F54065 /* LYZXSwiftProject.app */,
				E73D00002464631C00F54065 /* LYZXSwiftProjectTests.xctest */,
				E73D000B2464631C00F54065 /* LYZXSwiftProjectUITests.xctest */,
			);
			name = Products;
			sourceTree = "<group>";
		};
		E73DFFEC2464631A00F54065 /* LYZXSwiftProject */ = {
			isa = PBXGroup;
			children = (
				E73DFFED2464631A00F54065 /* AppDelegate.swift */,
				E73DFFEF2464631A00F54065 /* SceneDelegate.swift */,
				E73DFFF12464631A00F54065 /* ViewController.swift */,
				E73DFFF32464631A00F54065 /* Main.storyboard */,
				E73DFFF62464631B00F54065 /* Assets.xcassets */,
				E73DFFF82464631B00F54065 /* LaunchScreen.storyboard */,
				E73DFFFB2464631B00F54065 /* Info.plist */,
			);
			path = LYZXSwiftProject;
			sourceTree = "<group>";
		};
/* End PBXGroup section */

/* Begin PBXNativeTarget section */
		E73D000A2464631C00F54065 /* LYZXSwiftProjectUITests */ = {
			isa = PBXNativeTarget;
			buildConfigurationList = E73D001A2464631C00F54065 /* Build configuration list for PBXNativeTarget "LYZXSwiftProjectUITests" */;
			buildPhases = (
				E73D00072464631C00F54065 /* Sources */,
				E73D00082464631C00F54065 /* Frameworks */,
				E73D00092464631C00F54065 /* Resources */,
			);
			buildRules = (
			);
			dependencies = (
				E73D000D2464631C00F54065 /* PBXTargetDependency */,
			);
			name = LYZXSwiftProjectUITests;
			productName = LYZXSwiftProjectUITests;
			productReference = E73D000B2464631C00F54065 /* LYZXSwiftProjectUITests.xctest */;
			productType = "com.apple.product-type.bundle.ui-testing";
		};
		E73DFFE92464631A00F54065 /* LYZXSwiftProject */ = {
			isa = PBXNativeTarget;
			buildConfigurationList = E73D00142464631C00F54065 /* Build configuration list for PBXNativeTarget "LYZXSwiftProject" */;
			buildPhases = (
				E73DFFE62464631A00F54065 /* Sources */,
				E73DFFE72464631A00F54065 /* Frameworks */,
				E73DFFE82464631A00F54065 /* Resources */,
			);
			buildRules = (
			);
			dependencies = (
			);
			name = LYZXSwiftProject;
			productName = LYZXSwiftProject;
			productReference = E73DFFEA2464631A00F54065 /* LYZXSwiftProject.app */;
			productType = "com.apple.product-type.application";
		};
		E73DFFFF2464631C00F54065 /* LYZXSwiftProjectTests */ = {
			isa = PBXNativeTarget;
			buildConfigurationList = E73D00172464631C00F54065 /* Build configuration list for PBXNativeTarget "LYZXSwiftProjectTests" */;
			buildPhases = (
				E73DFFFC2464631C00F54065 /* Sources */,
				E73DFFFD2464631C00F54065 /* Frameworks */,
				E73DFFFE2464631C00F54065 /* Resources */,
			);
			buildRules = (
			);
			dependencies = (
				E73D00022464631C00F54065 /* PBXTargetDependency */,
			);
			name = LYZXSwiftProjectTests;
			productName = LYZXSwiftProjectTests;
			productReference = E73D00002464631C00F54065 /* LYZXSwiftProjectTests.xctest */;
			productType = "com.apple.product-type.bundle.unit-test";
		};
/* End PBXNativeTarget section */

/* Begin PBXProject section */
		E73DFFE22464631A00F54065 /* Project object */ = {
			isa = PBXProject;
			attributes = {
				LastSwiftUpdateCheck = 1130;
				LastUpgradeCheck = 1130;
				ORGANIZATIONNAME = hello;
				TargetAttributes = {
					E73D000A2464631C00F54065 = {
						CreatedOnToolsVersion = 11.3.1;
						TestTargetID = E73DFFE92464631A00F54065;
					};
					E73DFFE92464631A00F54065 = {
						CreatedOnToolsVersion = 11.3.1;
					};
					E73DFFFF2464631C00F54065 = {
						CreatedOnToolsVersion = 11.3.1;
						TestTargetID = E73DFFE92464631A00F54065;
					};
				};
			};
			buildConfigurationList = E73DFFE52464631A00F54065 /* Build configuration list for PBXProject "LYZXSwiftProject" */;
			compatibilityVersion = "Xcode 9.3";
			developmentRegion = en;
			hasScannedForEncodings = 0;
			knownRegions = (
				en,
				Base,
			);
			mainGroup = E73DFFE12464631A00F54065;
			productRefGroup = E73DFFEB2464631A00F54065 /* Products */;
			projectDirPath = "";
			projectRoot = "";
			targets = (
				E73DFFE92464631A00F54065 /* LYZXSwiftProject */,
				E73DFFFF2464631C00F54065 /* LYZXSwiftProjectTests */,
				E73D000A2464631C00F54065 /* LYZXSwiftProjectUITests */,
			);
		};
/* End PBXProject section */

/* Begin PBXResourcesBuildPhase section */
		E73D00092464631C00F54065 /* Resources */ = {
			isa = PBXResourcesBuildPhase;
			buildActionMask = 2147483647;
			files = (
			);
			runOnlyForDeploymentPostprocessing = 0;
		};
		E73DFFE82464631A00F54065 /* Resources */ = {
			isa = PBXResourcesBuildPhase;
			buildActionMask = 2147483647;
			files = (
				E73DFFFA2464631B00F54065 /* LaunchScreen.storyboard in Resources */,
				E73DFFF72464631B00F54065 /* Assets.xcassets in Resources */,
				E73DFFF52464631A00F54065 /* Main.storyboard in Resources */,
			);
			runOnlyForDeploymentPostprocessing = 0;
		};
		E73DFFFE2464631C00F54065 /* Resources */ = {
			isa = PBXResourcesBuildPhase;
			buildActionMask = 2147483647;
			files = (
			);
			runOnlyForDeploymentPostprocessing = 0;
		};
/* End PBXResourcesBuildPhase section */

/* Begin PBXSourcesBuildPhase section */
		E73D00072464631C00F54065 /* Sources */ = {
			isa = PBXSourcesBuildPhase;
			buildActionMask = 2147483647;
			files = (
				E73D00102464631C00F54065 /* LYZXSwiftProjectUITests.swift in Sources */,
			);
			runOnlyForDeploymentPostprocessing = 0;
		};
		E73DFFE62464631A00F54065 /* Sources */ = {
			isa = PBXSourcesBuildPhase;
			buildActionMask = 2147483647;
			files = (
				E73DFFF22464631A00F54065 /* ViewController.swift in Sources */,
				E73DFFEE2464631A00F54065 /* AppDelegate.swift in Sources */,
				E73DFFF02464631A00F54065 /* SceneDelegate.swift in Sources */,
			);
			runOnlyForDeploymentPostprocessing = 0;
		};
		E73DFFFC2464631C00F54065 /* Sources */ = {
			isa = PBXSourcesBuildPhase;
			buildActionMask = 2147483647;
			files = (
				E73D00052464631C00F54065 /* LYZXSwiftProjectTests.swift in Sources */,
			);
			runOnlyForDeploymentPostprocessing = 0;
		};
/* End PBXSourcesBuildPhase section */

/* Begin PBXTargetDependency section */
		E73D00022464631C00F54065 /* PBXTargetDependency */ = {
			isa = PBXTargetDependency;
			target = E73DFFE92464631A00F54065 /* LYZXSwiftProject */;
			targetProxy = E73D00012464631C00F54065 /* PBXContainerItemProxy */;
		};
		E73D000D2464631C00F54065 /* PBXTargetDependency */ = {
			isa = PBXTargetDependency;
			target = E73DFFE92464631A00F54065 /* LYZXSwiftProject */;
			targetProxy = E73D000C2464631C00F54065 /* PBXContainerItemProxy */;
		};
/* End PBXTargetDependency section */

/* Begin PBXVariantGroup section */
		E73DFFF32464631A00F54065 /* Main.storyboard */ = {
			isa = PBXVariantGroup;
			children = (
				E73DFFF42464631A00F54065 /* Base */,
			);
			name = Main.storyboard;
			sourceTree = "<group>";
		};
		E73DFFF82464631B00F54065 /* LaunchScreen.storyboard */ = {
			isa = PBXVariantGroup;
			children = (
				E73DFFF92464631B00F54065 /* Base */,
			);
			name = LaunchScreen.storyboard;
			sourceTree = "<group>";
		};
/* End PBXVariantGroup section */

/* Begin XCBuildConfiguration section */
		E73D00122464631C00F54065 /* Debug */ = {
			isa = XCBuildConfiguration;
			buildSettings = {
				ALWAYS_SEARCH_USER_PATHS = NO;
				CLANG_ANALYZER_NONNULL = YES;
				CLANG_ANALYZER_NUMBER_OBJECT_CONVERSION = YES_AGGRESSIVE;
				CLANG_CXX_LANGUAGE_STANDARD = "gnu++14";
				CLANG_CXX_LIBRARY = "libc++";
				CLANG_ENABLE_MODULES = YES;
				CLANG_ENABLE_OBJC_ARC = YES;
				CLANG_ENABLE_OBJC_WEAK = YES;
				CLANG_WARN_BLOCK_CAPTURE_AUTORELEASING = YES;
				CLANG_WARN_BOOL_CONVERSION = YES;
				CLANG_WARN_COMMA = YES;
				CLANG_WARN_CONSTANT_CONVERSION = YES;
				CLANG_WARN_DEPRECATED_OBJC_IMPLEMENTATIONS = YES;
				CLANG_WARN_DIRECT_OBJC_ISA_USAGE = YES_ERROR;
				CLANG_WARN_DOCUMENTATION_COMMENTS = YES;
				CLANG_WARN_EMPTY_BODY = YES;
				CLANG_WARN_ENUM_CONVERSION = YES;
				CLANG_WARN_INFINITE_RECURSION = YES;
				CLANG_WARN_INT_CONVERSION = YES;
				CLANG_WARN_NON_LITERAL_NULL_CONVERSION = YES;
				CLANG_WARN_OBJC_IMPLICIT_RETAIN_SELF = YES;
				CLANG_WARN_OBJC_LITERAL_CONVERSION = YES;
				CLANG_WARN_OBJC_ROOT_CLASS = YES_ERROR;
				CLANG_WARN_RANGE_LOOP_ANALYSIS = YES;
				CLANG_WARN_STRICT_PROTOTYPES = YES;
				CLANG_WARN_SUSPICIOUS_MOVE = YES;
				CLANG_WARN_UNGUARDED_AVAILABILITY = YES_AGGRESSIVE;
				CLANG_WARN_UNREACHABLE_CODE = YES;
				CLANG_WARN__DUPLICATE_METHOD_MATCH = YES;
				COPY_PHASE_STRIP = NO;
				DEBUG_INFORMATION_FORMAT = dwarf;
				ENABLE_STRICT_OBJC_MSGSEND = YES;
				ENABLE_TESTABILITY = YES;
				GCC_C_LANGUAGE_STANDARD = gnu11;
				GCC_DYNAMIC_NO_PIC = NO;
				GCC_NO_COMMON_BLOCKS = YES;
				GCC_OPTIMIZATION_LEVEL = 0;
				GCC_PREPROCESSOR_DEFINITIONS = (
					"DEBUG=1",
					"$(inherited)",
				);
				GCC_WARN_64_TO_32_BIT_CONVERSION = YES;
				GCC_WARN_ABOUT_RETURN_TYPE = YES_ERROR;
				GCC_WARN_UNDECLARED_SELECTOR = YES;
				GCC_WARN_UNINITIALIZED_AUTOS = YES_AGGRESSIVE;
				GCC_WARN_UNUSED_FUNCTION = YES;
				GCC_WARN_UNUSED_VARIABLE = YES;
				IPHONEOS_DEPLOYMENT_TARGET = 13.2;
				MTL_ENABLE_DEBUG_INFO = INCLUDE_SOURCE;
				MTL_FAST_MATH = YES;
				ONLY_ACTIVE_ARCH = YES;
				SDKROOT = iphoneos;
				SWIFT_ACTIVE_COMPILATION_CONDITIONS = DEBUG;
				SWIFT_OPTIMIZATION_LEVEL = "-Onone";
			};
			name = Debug;
		};
		E73D00132464631C00F54065 /* Release */ = {
			isa = XCBuildConfiguration;
			buildSettings = {
				ALWAYS_SEARCH_USER_PATHS = NO;
				CLANG_ANALYZER_NONNULL = YES;
				CLANG_ANALYZER_NUMBER_OBJECT_CONVERSION = YES_AGGRESSIVE;
				CLANG_CXX_LANGUAGE_STANDARD = "gnu++14";
				CLANG_CXX_LIBRARY = "libc++";
				CLANG_ENABLE_MODULES = YES;
				CLANG_ENABLE_OBJC_ARC = YES;
				CLANG_ENABLE_OBJC_WEAK = YES;
				CLANG_WARN_BLOCK_CAPTURE_AUTORELEASING = YES;
				CLANG_WARN_BOOL_CONVERSION = YES;
				CLANG_WARN_COMMA = YES;
				CLANG_WARN_CONSTANT_CONVERSION = YES;
				CLANG_WARN_DEPRECATED_OBJC_IMPLEMENTATIONS = YES;
				CLANG_WARN_DIRECT_OBJC_ISA_USAGE = YES_ERROR;
				CLANG_WARN_DOCUMENTATION_COMMENTS = YES;
				CLANG_WARN_EMPTY_BODY = YES;
				CLANG_WARN_ENUM_CONVERSION = YES;
				CLANG_WARN_INFINITE_RECURSION = YES;
				CLANG_WARN_INT_CONVERSION = YES;
				CLANG_WARN_NON_LITERAL_NULL_CONVERSION = YES;
				CLANG_WARN_OBJC_IMPLICIT_RETAIN_SELF = YES;
				CLANG_WARN_OBJC_LITERAL_CONVERSION = YES;
				CLANG_WARN_OBJC_ROOT_CLASS = YES_ERROR;
				CLANG_WARN_RANGE_LOOP_ANALYSIS = YES;
				CLANG_WARN_STRICT_PROTOTYPES = YES;
				CLANG_WARN_SUSPICIOUS_MOVE = YES;
				CLANG_WARN_UNGUARDED_AVAILABILITY = YES_AGGRESSIVE;
				CLANG_WARN_UNREACHABLE_CODE = YES;
				CLANG_WARN__DUPLICATE_METHOD_MATCH = YES;
				COPY_PHASE_STRIP = NO;
				DEBUG_INFORMATION_FORMAT = "dwarf-with-dsym";
				ENABLE_NS_ASSERTIONS = NO;
				ENABLE_STRICT_OBJC_MSGSEND = YES;
				GCC_C_LANGUAGE_STANDARD = gnu11;
				GCC_NO_COMMON_BLOCKS = YES;
				GCC_WARN_64_TO_32_BIT_CONVERSION = YES;
				GCC_WARN_ABOUT_RETURN_TYPE = YES_ERROR;
				GCC_WARN_UNDECLARED_SELECTOR = YES;
				GCC_WARN_UNINITIALIZED_AUTOS = YES_AGGRESSIVE;
				GCC_WARN_UNUSED_FUNCTION = YES;
				GCC_WARN_UNUSED_VARIABLE = YES;
				IPHONEOS_DEPLOYMENT_TARGET = 13.2;
				MTL_ENABLE_DEBUG_INFO = NO;
				MTL_FAST_MATH = YES;
				SDKROOT = iphoneos;
				SWIFT_COMPILATION_MODE = wholemodule;
				SWIFT_OPTIMIZATION_LEVEL = "-O";
				VALIDATE_PRODUCT = YES;
			};
			name = Release;
		};
		E73D00152464631C00F54065 /* Debug */ = {
			isa = XCBuildConfiguration;
			buildSettings = {
				ASSETCATALOG_COMPILER_APPICON_NAME = AppIcon;
				CODE_SIGN_STYLE = Automatic;
				INFOPLIST_FILE = LYZXSwiftProject/Info.plist;
				LD_RUNPATH_SEARCH_PATHS = (
					"$(inherited)",
					"@executable_path/Frameworks",
				);
				PRODUCT_BUNDLE_IDENTIFIER = com.yangouyaya.LYZXSwiftProject;
				PRODUCT_NAME = "$(TARGET_NAME)";
				SWIFT_VERSION = 5.0;
				TARGETED_DEVICE_FAMILY = "1,2";
			};
			name = Debug;
		};
		E73D00162464631C00F54065 /* Release */ = {
			isa = XCBuildConfiguration;
			buildSettings = {
				ASSETCATALOG_COMPILER_APPICON_NAME = AppIcon;
				CODE_SIGN_STYLE = Automatic;
				INFOPLIST_FILE = LYZXSwiftProject/Info.plist;
				LD_RUNPATH_SEARCH_PATHS = (
					"$(inherited)",
					"@executable_path/Frameworks",
				);
				PRODUCT_BUNDLE_IDENTIFIER = com.yangouyaya.LYZXSwiftProject;
				PRODUCT_NAME = "$(TARGET_NAME)";
				SWIFT_VERSION = 5.0;
				TARGETED_DEVICE_FAMILY = "1,2";
			};
			name = Release;
		};
		E73D00182464631C00F54065 /* Debug */ = {
			isa = XCBuildConfiguration;
			buildSettings = {
				ALWAYS_EMBED_SWIFT_STANDARD_LIBRARIES = YES;
				BUNDLE_LOADER = "$(TEST_HOST)";
				CODE_SIGN_STYLE = Automatic;
				INFOPLIST_FILE = LYZXSwiftProjectTests/Info.plist;
				IPHONEOS_DEPLOYMENT_TARGET = 13.2;
				LD_RUNPATH_SEARCH_PATHS = (
					"$(inherited)",
					"@executable_path/Frameworks",
					"@loader_path/Frameworks",
				);
				PRODUCT_BUNDLE_IDENTIFIER = com.yangouyaya.LYZXSwiftProjectTests;
				PRODUCT_NAME = "$(TARGET_NAME)";
				SWIFT_VERSION = 5.0;
				TARGETED_DEVICE_FAMILY = "1,2";
				TEST_HOST = "$(BUILT_PRODUCTS_DIR)/LYZXSwiftProject.app/LYZXSwiftProject";
			};
			name = Debug;
		};
		E73D00192464631C00F54065 /* Release */ = {
			isa = XCBuildConfiguration;
			buildSettings = {
				ALWAYS_EMBED_SWIFT_STANDARD_LIBRARIES = YES;
				BUNDLE_LOADER = "$(TEST_HOST)";
				CODE_SIGN_STYLE = Automatic;
				INFOPLIST_FILE = LYZXSwiftProjectTests/Info.plist;
				IPHONEOS_DEPLOYMENT_TARGET = 13.2;
				LD_RUNPATH_SEARCH_PATHS = (
					"$(inherited)",
					"@executable_path/Frameworks",
					"@loader_path/Frameworks",
				);
				PRODUCT_BUNDLE_IDENTIFIER = com.yangouyaya.LYZXSwiftProjectTests;
				PRODUCT_NAME = "$(TARGET_NAME)";
				SWIFT_VERSION = 5.0;
				TARGETED_DEVICE_FAMILY = "1,2";
				TEST_HOST = "$(BUILT_PRODUCTS_DIR)/LYZXSwiftProject.app/LYZXSwiftProject";
			};
			name = Release;
		};
		E73D001B2464631C00F54065 /* Debug */ = {
			isa = XCBuildConfiguration;
			buildSettings = {
				ALWAYS_EMBED_SWIFT_STANDARD_LIBRARIES = YES;
				CODE_SIGN_STYLE = Automatic;
				INFOPLIST_FILE = LYZXSwiftProjectUITests/Info.plist;
				LD_RUNPATH_SEARCH_PATHS = (
					"$(inherited)",
					"@executable_path/Frameworks",
					"@loader_path/Frameworks",
				);
				PRODUCT_BUNDLE_IDENTIFIER = com.yangouyaya.LYZXSwiftProjectUITests;
				PRODUCT_NAME = "$(TARGET_NAME)";
				SWIFT_VERSION = 5.0;
				TARGETED_DEVICE_FAMILY = "1,2";
				TEST_TARGET_NAME = LYZXSwiftProject;
			};
			name = Debug;
		};
		E73D001C2464631C00F54065 /* Release */ = {
			isa = XCBuildConfiguration;
			buildSettings = {
				ALWAYS_EMBED_SWIFT_STANDARD_LIBRARIES = YES;
				CODE_SIGN_STYLE = Automatic;
				INFOPLIST_FILE = LYZXSwiftProjectUITests/Info.plist;
				LD_RUNPATH_SEARCH_PATHS = (
					"$(inherited)",
					"@executable_path/Frameworks",
					"@loader_path/Frameworks",
				);
				PRODUCT_BUNDLE_IDENTIFIER = com.yangouyaya.LYZXSwiftProjectUITests;
				PRODUCT_NAME = "$(TARGET_NAME)";
				SWIFT_VERSION = 5.0;
				TARGETED_DEVICE_FAMILY = "1,2";
				TEST_TARGET_NAME = LYZXSwiftProject;
			};
			name = Release;
		};
/* End XCBuildConfiguration section */

/* Begin XCConfigurationList section */
		E73D00142464631C00F54065 /* Build configuration list for PBXNativeTarget "LYZXSwiftProject" */ = {
			isa = XCConfigurationList;
			buildConfigurations = (
				E73D00152464631C00F54065 /* Debug */,
				E73D00162464631C00F54065 /* Release */,
			);
			defaultConfigurationIsVisible = 0;
			defaultConfigurationName = Release;
		};
		E73D00172464631C00F54065 /* Build configuration list for PBXNativeTarget "LYZXSwiftProjectTests" */ = {
			isa = XCConfigurationList;
			buildConfigurations = (
				E73D00182464631C00F54065 /* Debug */,
				E73D00192464631C00F54065 /* Release */,
			);
			defaultConfigurationIsVisible = 0;
			defaultConfigurationName = Release;
		};
		E73D001A2464631C00F54065 /* Build configuration list for PBXNativeTarget "LYZXSwiftProjectUITests" */ = {
			isa = XCConfigurationList;
			buildConfigurations = (
				E73D001B2464631C00F54065 /* Debug */,
				E73D001C2464631C00F54065 /* Release */,
			);
			defaultConfigurationIsVisible = 0;
			defaultConfigurationName = Release;
		};
		E73DFFE52464631A00F54065 /* Build configuration list for PBXProject "LYZXSwiftProject" */ = {
			isa = XCConfigurationList;
			buildConfigurations = (
				E73D00122464631C00F54065 /* Debug */,
				E73D00132464631C00F54065 /* Release */,
			);
			defaultConfigurationIsVisible = 0;
			defaultConfigurationName = Release;
		};
/* End XCConfigurationList section */
	};
	rootObject = E73DFFE22464631A00F54065 /* Project object */;
}
